
Microsoft Visual Studio Solution File, Format Version 12.00
# Visual Studio Version 17
VisualStudioVersion = 17.8.34601.278
MinimumVisualStudioVersion = 10.0.40219.1
Project("{FAE04EC0-301F-11D3-BF4B-00C04F79EFBC}") = "TagHelperUygulama", "TagHelperUygulama\TagHelperUygulama.csproj", "{D6E596B1-A301-470B-B687-BF625CE027F5}"
EndProject
Global
	GlobalSection(SolutionConfigurationPlatforms) = preSolution
		Debug|Any CPU = Debug|Any CPU
		Release|Any CPU = Release|Any CPU
	EndGlobalSection
	GlobalSection(ProjectConfigurationPlatforms) = postSolution
		{D6E596B1-A301-470B-B687-BF625CE027F5}.Debug|Any CPU.ActiveCfg = Debug|Any CPU
		{D6E596B1-A301-470B-B687-BF625CE027F5}.Debug|Any CPU.Build.0 = Debug|Any CPU
		{D6E596B1-A301-470B-B687-BF625CE027F5}.Release|Any CPU.ActiveCfg = Release|Any CPU
		{D6E596B1-A301-470B-B687-BF625CE027F5}.Release|Any CPU.Build.0 = Release|Any CPU
	EndGlobalSection
	GlobalSection(SolutionProperties) = preSolution
		HideSolutionNode = FALSE
	EndGlobalSection
	GlobalSection(ExtensibilityGlobals) = postSolution
		SolutionGuid = {5B482850-DEC3-4A54-9B94-DB445D93C9E9}
	EndGlobalSection
EndGlobal
